
Microsoft Visual Studio Solution File, Format Version 12.00
# Visual Studio 15
VisualStudioVersion = 15.0.27428.2043
MinimumVisualStudioVersion = 10.0.40219.1
Project("{FAE04EC0-301F-11D3-BF4B-00C04F79EFBC}") = "LogManager", "LogManager\LogManager.csproj", "{3F79C0AF-0794-457F-B640-500B25634EAD}"
EndProject
Global
	GlobalSection(SolutionConfigurationPlatforms) = preSolution
		Debug|Any CPU = Debug|Any CPU
		Release|Any CPU = Release|Any CPU
	EndGlobalSection
	GlobalSection(ProjectConfigurationPlatforms) = postSolution
		{3F79C0AF-0794-457F-B640-500B25634EAD}.Debug|Any CPU.ActiveCfg = Debug|Any CPU
		{3F79C0AF-0794-457F-B640-500B25634EAD}.Debug|Any CPU.Build.0 = Debug|Any CPU
		{3F79C0AF-0794-457F-B640-500B25634EAD}.Release|Any CPU.ActiveCfg = Release|Any CPU
		{3F79C0AF-0794-457F-B640-500B25634EAD}.Release|Any CPU.Build.0 = Release|Any CPU
	EndGlobalSection
	GlobalSection(SolutionProperties) = preSolution
		HideSolutionNode = FALSE
	EndGlobalSection
	GlobalSection(ExtensibilityGlobals) = postSolution
		SolutionGuid = {B7BAF6C1-30AE-4B9C-8AEB-640D2ACE7B55}
	EndGlobalSection
EndGlobal
